
Microsoft Visual Studio Solution File, Format Version 12.00
# Visual Studio 14
VisualStudioVersion = 14.0.24720.0
MinimumVisualStudioVersion = 10.0.40219.1
Project("{FAE04EC0-301F-11D3-BF4B-00C04F79EFBC}") = "ConsoleApplication4", "ConsoleApplication4\ConsoleApplication4.csproj", "{0A81D2A7-C53B-428B-ABF0-B905B38BFADF}"
EndProject
Project("{FAE04EC0-301F-11D3-BF4B-00C04F79EFBC}") = "numberGuess", "numberGuess\numberGuess.csproj", "{9451C2F6-3FFE-4B1D-B953-34424A4D6500}"
EndProject
Project("{FAE04EC0-301F-11D3-BF4B-00C04F79EFBC}") = "GuessingGame2", "GuessingGame2\GuessingGame2.csproj", "{C24B16B5-C60C-48E4-892E-42D9D82F91A2}"
EndProject
Global
	GlobalSection(SolutionConfigurationPlatforms) = preSolution
		Debug|Any CPU = Debug|Any CPU
		Release|Any CPU = Release|Any CPU
	EndGlobalSection
	GlobalSection(ProjectConfigurationPlatforms) = postSolution
		{0A81D2A7-C53B-428B-ABF0-B905B38BFADF}.Debug|Any CPU.ActiveCfg = Debug|Any CPU
		{0A81D2A7-C53B-428B-ABF0-B905B38BFADF}.Debug|Any CPU.Build.0 = Debug|Any CPU
		{0A81D2A7-C53B-428B-ABF0-B905B38BFADF}.Release|Any CPU.ActiveCfg = Release|Any CPU
		{0A81D2A7-C53B-428B-ABF0-B905B38BFADF}.Release|Any CPU.Build.0 = Release|Any CPU
		{9451C2F6-3FFE-4B1D-B953-34424A4D6500}.Debug|Any CPU.ActiveCfg = Debug|Any CPU
		{9451C2F6-3FFE-4B1D-B953-34424A4D6500}.Debug|Any CPU.Build.0 = Debug|Any CPU
		{9451C2F6-3FFE-4B1D-B953-34424A4D6500}.Release|Any CPU.ActiveCfg = Release|Any CPU
		{9451C2F6-3FFE-4B1D-B953-34424A4D6500}.Release|Any CPU.Build.0 = Release|Any CPU
		{C24B16B5-C60C-48E4-892E-42D9D82F91A2}.Debug|Any CPU.ActiveCfg = Debug|Any CPU
		{C24B16B5-C60C-48E4-892E-42D9D82F91A2}.Debug|Any CPU.Build.0 = Debug|Any CPU
		{C24B16B5-C60C-48E4-892E-42D9D82F91A2}.Release|Any CPU.ActiveCfg = Release|Any CPU
		{C24B16B5-C60C-48E4-892E-42D9D82F91A2}.Release|Any CPU.Build.0 = Release|Any CPU
	EndGlobalSection
	GlobalSection(SolutionProperties) = preSolution
		HideSolutionNode = FALSE
	EndGlobalSection
EndGlobal
